github.com/2637309949/bulrush-captcha v0.0.0-20190530105249-dbc3036c68e7 h1:CLAF3eB2hu2PhMUkdMXsXgosy7N3b2n6PdQkMNTtVic=
github.com/2637309949/bulrush-captcha v0.0.0-20190530105249-dbc3036c68e7/go.mod h1:dJ6jnKddwu48dAw4zcUesnEw9m4Ybgfz2IbzjMMa9Z8=
github.com/2637309949/bulrush-delivery v0.0.0-20190530105510-8228540ca372 h1:lFkxvsoZ3D7l25c0d8+1YNZmdolx7xdOgVi0pBKxbyY=
github.com/2637309949/bulrush-delivery v0.0.0-20190530105510-8228540ca372/go.mod h1:qQf+4eu/09G1tr60mYZAcwAKUt7kvAnB5e1InIf17xM=
github.com/2637309949/bulrush-identify v0.0.0-20190531073415-116f7ee8683f h1:HxU2/mgRrDUMrxfT9eMePsbLeI8Qfl9/0uYfJbxap48=
github.com/2637309949/bulrush-identify v0.0.0-20190531073415-116f7ee8683f/go.mod h1:p6LEgzktLRrlC6O/qs3vJrszR7IH/PvSvJdSYOV6bTk=
github.com/2637309949/bulrush-logger v0.0.0-20190605130005-aa61b04c2689 h1:NQk/D5ezjRr9V/EzLo4//aJ7QF0ENzq0YfY6mpZZtfw=
github.com/2637309949/bulrush-logger v0.0.0-20190605130005-aa61b04c2689/go.mod h1:ztLwbPRE/jAsbpkdWcAERm2Ox0VejNiWSZcMGHdzRzY=
github.com/2637309949/bulrush-proxy v0.0.0-20190530120941-f91dc1645076 h1:Kn5mP79worLXkmGAXoBU+SxGSNXQ5LOBT85VBpBO52k=
github.com/2637309949/bulrush-proxy v0.0.0-20190530120941-f91dc1645076/go.mod h1:md5nbelzT+3N8uCDY0e/W2QMBicGaEOCu7fqmTTSrXc=
github.com/2637309949/bulrush-role v0.0.0-20190602153702-2558353660b9/go.mod h1:dyZ9Msda00ntgStVbixy/H4MGc4OGPcvUU1ulcvOxfA=
github.com/2637309949/bulrush-role v0.0.0-20190614132931-262fdeaab12d h1:rnHwMHHlWKppNU3G4+ovf4fptunCbunPRj+rW8Z8C8Q=
github.com/2637309949/bulrush-role v0.0.0-20190614132931-262fdeaab12d/go.mod h1:M+bqt5bzvTyoxqF+yz0MbYlkHXODNhfDN0rAzYgTj6w=
github.com/2637309949/bulrush-template v0.0.0-20190608112212-3e394a7f5ba7/go.mod h1:G+BZ2mPoPWAIPGuXlKa540QoHBYI2RT9Jpcy2LLzc6w=
github.com/2637309949/bulrush-template v0.0.0-20190614113343-2d56eb7c18b1 h1:HgHjDhLEpSpil/dAhWg5hM01CQn5p5NLUaycrS1j5cU=
github.com/2637309949/bulrush-template v0.0.0-20190614113343-2d56eb7c18b1/go.mod h1:80lvhAooK3YcuRbtfVvCjtKcxAmOTSkDAIr2hE4MNRA=
github.com/2637309949/bulrush-upload v0.0.0-20190531070413-49b362a188be h1:y7CLlwdUM7Gu882ctPRle5D9E3dtjD3nHIQGvy5tnto=
github.com/2637309949/bulrush-upload v0.0.0-20190531070413-49b362a188be/go.mod h1:C9WW8uia9KwAqnHWOUFA8d2glXuLUb2ZOUn/2Dfz+ZU=
github.com/beego/bee v1.10.0/go.mod h1:0z6z9KcOHepE/HeYTmfjJWIFZfQ9bkKqsBdgcm/6etM=
github.com/bradfitz/gomemcache v0.0.0-20190329173943-551aad21a668 h1:U/lr3Dgy4WK+hNk4tyD+nuGjpVLPEHuJSFXMw11/HPA=
github.com/bradfitz/gomemcache v0.0.0-20190329173943-551aad21a668/go.mod h1:H0wQNHz2YrLsuXOZozoeDmnHXkNCRmMW0gwFWDfEZDA=
github.com/davecgh/go-spew v1.1.0/go.mod h1:J7Y8YcW2NihsgmVo/mv3lAwl/skON4iLHjSsI+c5H38=
github.com/davecgh/go-spew v1.1.1 h1:vj9j/u1bqnvCEfJOwUhtlOARqs3+rkHYY13jYWTU97c=
github.com/davecgh/go-spew v1.1.1/go.mod h1:J7Y8YcW2NihsgmVo/mv3lAwl/skON4iLHjSsI+c5H38=
github.com/fsnotify/fsnotify v1.4.7/go.mod h1:jwhsz4b93w/PPRr/qN1Yymfu8t87LnFCMoQvtojpjFo=
github.com/ghodss/yaml v1.0.0 h1:wQHKEahhL6wmXdzwWG11gIVCkOv05bNOh+Rxn0yngAk=
github.com/ghodss/yaml v1.0.0/go.mod h1:4dBDuWmgqj2HViK6kFavaiC9ZROes6MMH2rRYeMEF04=
github.com/gin-contrib/cache v1.1.1-0.20190528084033-1eca46a236ea h1:4C+BUO2+aDwzVqOQRPylS5Zk/t4E/DaH+KglgEhx1Xo=
github.com/gin-contrib/cache v1.1.1-0.20190528084033-1eca46a236ea/go.mod h1:Cyyauep0jwj6BygylrUAJrjOjq573++wf57SmKvHuqI=
github.com/gin-contrib/sse v0.0.0-20190301062529-5545eab6dad3 h1:t8FVkw33L+wilf2QiWkw0UV77qRpcH/JHPKGpKa2E8g=
github.com/gin-contrib/sse v0.0.0-20190301062529-5545eab6dad3/go.mod h1:VJ0WA2NBN22VlZ2dKZQPAPnyWw5XTlK1KymzLKsr59s=
github.com/gin-gonic/gin v1.4.0 h1:3tMoCCfM7ppqsR0ptz/wi1impNpT7/9wQtMZ8lr1mCQ=
github.com/gin-gonic/gin v1.4.0/go.mod h1:OW2EZn3DO8Ln9oIKOvM++LBO+5UPHJJDH72/q/3rZdM=
github.com/globalsign/mgo v0.0.0-20181015135952-eeefdecb41b8 h1:DujepqpGd1hyOd7aW59XpK7Qymp8iy83xq74fLr21is=
github.com/globalsign/mgo v0.0.0-20181015135952-eeefdecb41b8/go.mod h1:xkRDCp4j0OGD1HRkm4kmhM+pmpv3AKq5SU7GMg4oO/Q=
github.com/go-redis/redis v0.0.0-20190526054928-e7f788704f5a/go.mod h1:W2YCLaZryXHirdd9QqwkiVUxCQsrx8SbLq9Uqk7JS7A=
github.com/go-redis/redis v6.15.2+incompatible h1:9SpNVG76gr6InJGxoZ6IuuxaCOQwDAhzyXg+Bs+0Sb4=
github.com/go-redis/redis v6.15.2+incompatible/go.mod h1:NAIEuMOZ/fxfXJIrKDQDz8wamY7mA7PouImQ2Jvg6kA=
github.com/golang/freetype v0.0.0-20170609003504-e2365dfdc4a0 h1:DACJavvAHhabrF08vX0COfcOBJRhZ8lUbR+ZWIs0Y5g=
github.com/golang/freetype v0.0.0-20170609003504-e2365dfdc4a0/go.mod h1:E/TSTwGwJL78qG/PmXZO1EjYhfJinVAhrmmHX6Z8B9k=
github.com/golang/protobuf v1.2.0/go.mod h1:6lQm79b+lXiMfvg/cZm0SGofjICqVBUtrP5yJMmIC1U=
github.com/golang/protobuf v1.3.1 h1:YF8+flBXS5eO826T4nzqPrxfhQThhXl0YzfuUPu4SBg=
github.com/golang/protobuf v1.3.1/go.mod h1:6lQm79b+lXiMfvg/cZm0SGofjICqVBUtrP5yJMmIC1U=
github.com/gomodule/redigo v2.0.0+incompatible h1:K/R+8tc58AaqLkqG2Ol3Qk+DR/TlNuhuh457pBFPtt0=
github.com/gomodule/redigo v2.0.0+incompatible/go.mod h1:B4C85qUVwatsJoIUNIfCRsp7qO0iAmpGFZ4EELWSbC4=
github.com/hpcloud/tail v1.0.0/go.mod h1:ab1qPbhIpdTxEkNHXyeSf5vhxWSCs/tWer42PpOxQnU=
github.com/jinzhu/now v1.0.0 h1:6WV8LvwPpDhKjo5U9O6b4+xdG/jTXNPwlDme/MTo8Ns=
github.com/jinzhu/now v1.0.0/go.mod h1:oHTiXerJ20+SfYcrdlBO7rzZRJWGwSTQ0iUY2jI6Gfc=
github.com/json-iterator/go v1.1.6/go.mod h1:+SdeFBvtyEkXs7REEP0seUULqWtbJapLOCVDaaPEHmU=
github.com/kataras/go-events v0.0.2 h1:fhyUPXvUbrjIPmH4vRdrAAGoNzdcwJPQmjhg47m1nMU=
github.com/kataras/go-events v0.0.2/go.mod h1:6IxMW59VJdEIqj3bjFGJvGLRdb0WHtrlxPZy9qXctcg=
github.com/mattn/go-isatty v0.0.7/go.mod h1:Iq45c/XA43vh69/j3iqttzPXn0bhXyGjM0Hdxcsrc5s=
github.com/mattn/go-isatty v0.0.8 h1:HLtExJ+uU2HOZ+wI0Tt5DtUDrx8yhUqDcp7fYERX4CE=
github.com/mattn/go-isatty v0.0.8/go.mod h1:Iq45c/XA43vh69/j3iqttzPXn0bhXyGjM0Hdxcsrc5s=
github.com/memcachier/mc v2.0.1+incompatible h1:s8EDz0xrJLP8goitwZOoq1vA/sm0fPS4X3KAF0nyhWQ=
github.com/memcachier/mc v2.0.1+incompatible/go.mod h1:7bkvFE61leUBvXz+yxsOnGBQSZpBSPIMUQSmmSHvuXc=
github.com/modern-go/concurrent v0.0.0-20180306012644-bacd9c7ef1dd/go.mod h1:6dJC0mAP4ikYIbvyc7fijjWJddQyLn8Ig3JB5CqoB9Q=
github.com/modern-go/reflect2 v1.0.1/go.mod h1:bx2lNnkwVCuqBIxFjflWJWanXIb3RllmbCylyMrvgv0=
github.com/mojocn/base64Captcha v0.0.0-20180423022535-7d0b78ad1685 h1:LKn5trhLtzfGAfowEAqLgUR6hSbYDlNyrAW1IMlpnc0=
github.com/mojocn/base64Captcha v0.0.0-20180423022535-7d0b78ad1685/go.mod h1:szRUeNuJ2drEhc1jjccTMxFkIvk01XsxsYjkpCurQ3Y=
github.com/onsi/ginkgo v1.6.0/go.mod h1:lLunBs/Ym6LB5Z9jYTR76FiuTmxDTDusOGeTQH+WWjE=
github.com/onsi/ginkgo v1.8.0/go.mod h1:lLunBs/Ym6LB5Z9jYTR76FiuTmxDTDusOGeTQH+WWjE=
github.com/onsi/gomega v1.5.0/go.mod h1:ex+gbHU/CVuBBDIJjb2X0qEXbFg53c61hWP/1CpauHY=
github.com/pmezard/go-difflib v1.0.0 h1:4DBwDE0NGyQoBHbLQYPwSUPoCMWR5BEzIk/f1lZbAQM=
github.com/pmezard/go-difflib v1.0.0/go.mod h1:iKH77koFhYxTK1pcRnkKkqfTogsbg7gZNVY4sRDYZ/4=
github.com/robfig/go-cache v0.0.0-20130306151617-9fc39e0dbf62 h1:pyecQtsPmlkCsMkYhT5iZ+sUXuwee+OvfuJjinEA3ko=
github.com/robfig/go-cache v0.0.0-20130306151617-9fc39e0dbf62/go.mod h1:65XQgovT59RWatovFwnwocoUxiI/eENTnOY5GK3STuY=
github.com/stretchr/objx v0.1.0/go.mod h1:HFkY916IF+rwdDfMAkV7OtwuqBVzrE8GR6GFx+wExME=
github.com/stretchr/testify v1.3.0 h1:TivCn/peBQ7UY8ooIcPgZFpTNSz0Q2U6UrFlUfqbe0Q=
github.com/stretchr/testify v1.3.0/go.mod h1:M5WIy9Dh21IEIfnGCwXGc5bZfKNJtfHm1UVUgZn+9EI=
github.com/thoas/go-funk v0.4.0 h1:KBaa5NL7NMtsFlQaD8nQMbDt1wuM+OOaNQyYNYQFhVo=
github.com/thoas/go-funk v0.4.0/go.mod h1:mlR+dHGb+4YgXkf13rkQTuzrneeHANxOm6+ZnEV9HsA=
github.com/ugorji/go v1.1.4 h1:j4s+tAvLfL3bZyefP2SEWmhBzmuIlH/eqNuPdFPgngw=
github.com/ugorji/go v1.1.4/go.mod h1:uQMGLiO92mf5W77hV/PUCpI3pbzQx3CRekS0kk+RGrc=
golang.org/x/crypto v0.0.0-20190308221718-c2843e01d9a2/go.mod h1:djNgcEr1/C05ACkg1iLfiJU5Ep61QUkGW8qpdssI0+w=
golang.org/x/image v0.0.0-20190523035834-f03afa92d3ff h1:+2zgJKVDVAz/BWSsuniCmU1kLCjL88Z8/kv39xCI9NQ=
golang.org/x/image v0.0.0-20190523035834-f03afa92d3ff/go.mod h1:kZ7UVZpmo3dzQBMxlp+ypCbDeSB+sBbTgSJuh5dn5js=
golang.org/x/net v0.0.0-20180906233101-161cd47e91fd/go.mod h1:mL1N/T3taQHkDXs73rZJwtUhF3w3ftmwwsq0BUmARs4=
golang.org/x/net v0.0.0-20190503192946-f4e77d36d62c/go.mod h1:t9HGtf8HONx5eT2rtn7q6eTqICYqUVnKs3thJo3Qplg=
golang.org/x/sync v0.0.0-20180314180146-1d60e4601c6f/go.mod h1:RxMgew5VJxzue5/jJTE5uejpjVlOe/izrB70Jof72aM=
golang.org/x/sys v0.0.0-20180909124046-d0be0721c37e/go.mod h1:STP8DvDyc/dI5b8T5hshtkjS+E42TnysNCUPdjciGhY=
golang.org/x/sys v0.0.0-20190215142949-d0b11bdaac8a/go.mod h1:STP8DvDyc/dI5b8T5hshtkjS+E42TnysNCUPdjciGhY=
golang.org/x/sys v0.0.0-20190222072716-a9d3bda3a223 h1:DH4skfRX4EBpamg7iV4ZlCpblAHI6s6TDM39bFZumv8=
golang.org/x/sys v0.0.0-20190222072716-a9d3bda3a223/go.mod h1:STP8DvDyc/dI5b8T5hshtkjS+E42TnysNCUPdjciGhY=
golang.org/x/text v0.3.0/go.mod h1:NqM8EUOU14njkJ3fqMW+pc6Ldnwhi/IjpwHt7yyuwOQ=
gopkg.in/check.v1 v0.0.0-20161208181325-20d25e280405/go.mod h1:Co6ibVJAznAaIkqp8huTwlJQCZ016jof/cbN4VW5Yz0=
gopkg.in/fsnotify.v1 v1.4.7/go.mod h1:Tz8NjZHkW78fSQdbUxIjBTcgA1z1m8ZHf0WmKUhAMys=
gopkg.in/go-playground/assert.v1 v1.2.1/go.mod h1:9RXL0bg/zibRAgZUYszZSwO/z8Y/a8bDuhia5mkpMnE=
gopkg.in/go-playground/validator.v8 v8.18.2 h1:lFB4DoMU6B626w8ny76MV7VX6W2VHct2GVOI3xgiMrQ=
gopkg.in/go-playground/validator.v8 v8.18.2/go.mod h1:RX2a/7Ha8BgOhfk7j780h4/u/RRjR0eouCJSH80/M2Y=
gopkg.in/tomb.v1 v1.0.0-20141024135613-dd632973f1e7/go.mod h1:dt/ZhP58zS4L8KSrWDmTeBkI65Dw0HsyUHuEVlX15mw=
gopkg.in/yaml.v2 v2.2.1/go.mod h1:hI93XBmqTisBFMUTm0b8Fm+jr3Dg1NNxqwp+5A1VGuI=
gopkg.in/yaml.v2 v2.2.2 h1:ZCJp+EgiOT7lHqUV2J862kp8Qj64Jo6az82+3Td9dZw=
gopkg.in/yaml.v2 v2.2.2/go.mod h1:hI93XBmqTisBFMUTm0b8Fm+jr3Dg1NNxqwp+5A1VGuI=
